Microsoft Visual Studio Solution File, Format Version 12.00
# Visual Studio Version 17
VisualStudioVersion = 17.5.2.0
MinimumVisualStudioVersion = 10.0.40219.1
Project("{FAE04EC0-301F-11D3-BF4B-00C04F79EFBC}") = "DCIT318-assignment2-11357947", "DCIT318-assignment2-11357947.csproj", "{A2EDC601-AFCD-7B78-BE4B-B138A54FCC2B}"
EndProject
Global
	GlobalSection(SolutionConfigurationPlatforms) = preSolution
		Debug|Any CPU = Debug|Any CPU
		Release|Any CPU = Release|Any CPU
	EndGlobalSection
	GlobalSection(ProjectConfigurationPlatforms) = postSolution
		{A2EDC601-AFCD-7B78-BE4B-B138A54FCC2B}.Debug|Any CPU.ActiveCfg = Debug|Any CPU
		{A2EDC601-AFCD-7B78-BE4B-B138A54FCC2B}.Debug|Any CPU.Build.0 = Debug|Any CPU
		{A2EDC601-AFCD-7B78-BE4B-B138A54FCC2B}.Release|Any CPU.ActiveCfg = Release|Any CPU
		{A2EDC601-AFCD-7B78-BE4B-B138A54FCC2B}.Release|Any CPU.Build.0 = Release|Any CPU
	EndGlobalSection
	GlobalSection(SolutionProperties) = preSolution
		HideSolutionNode = FALSE
	EndGlobalSection
	GlobalSection(ExtensibilityGlobals) = postSolution
		SolutionGuid = {AA5C514C-CDAD-4B06-AA03-8FD875DD9299}
	EndGlobalSection
EndGlobal
